
Microsoft Visual Studio Solution File, Format Version 12.00
# Visual Studio 15
VisualStudioVersion = 15.0.28307.757
MinimumVisualStudioVersion = 10.0.40219.1
Project("{FAE04EC0-301F-11D3-BF4B-00C04F79EFBC}") = "Roman", "Roman\Roman.csproj", "{EE0E0B14-4E33-4423-886D-1EDA2E14D62E}"
EndProject
Global
	GlobalSection(SolutionConfigurationPlatforms) = preSolution
		Debug|Any CPU = Debug|Any CPU
		Release|Any CPU = Release|Any CPU
	EndGlobalSection
	GlobalSection(ProjectConfigurationPlatforms) = postSolution
		{EE0E0B14-4E33-4423-886D-1EDA2E14D62E}.Debug|Any CPU.ActiveCfg = Debug|Any CPU
		{EE0E0B14-4E33-4423-886D-1EDA2E14D62E}.Debug|Any CPU.Build.0 = Debug|Any CPU
		{EE0E0B14-4E33-4423-886D-1EDA2E14D62E}.Release|Any CPU.ActiveCfg = Release|Any CPU
		{EE0E0B14-4E33-4423-886D-1EDA2E14D62E}.Release|Any CPU.Build.0 = Release|Any CPU
	EndGlobalSection
	GlobalSection(SolutionProperties) = preSolution
		HideSolutionNode = FALSE
	EndGlobalSection
	GlobalSection(ExtensibilityGlobals) = postSolution
		SolutionGuid = {971A3ED7-A7E3-42C4-B875-60358EE7E5EF}
	EndGlobalSection
EndGlobal
